
Microsoft Visual Studio Solution File, Format Version 12.00
# Visual Studio 15
VisualStudioVersion = 15.0.27428.2002
MinimumVisualStudioVersion = 10.0.40219.1
Project("{FAE04EC0-301F-11D3-BF4B-00C04F79EFBC}") = "RPGSimuladorPrototipo", "RPGSimuladorPrototipo\RPGSimuladorPrototipo.csproj", "{AAC54802-7CDD-4D20-B945-8C874FA7D298}"
EndProject
Project("{FAE04EC0-301F-11D3-BF4B-00C04F79EFBC}") = "TestesUnitarios", "TestesUnitarios\TestesUnitarios.csproj", "{C183C249-3510-4FDB-A143-7C47E3BFAE28}"
EndProject
Project("{9A19103F-16F7-4668-BE54-9A1E7A4F7556}") = "Entidades", "Entidades\Entidades.csproj", "{106CF710-0EDC-410C-92F6-D8237C82084E}"
EndProject
Project("{9A19103F-16F7-4668-BE54-9A1E7A4F7556}") = "DAO", "DAO\DAO.csproj", "{04F27419-BEEE-4FCD-8E49-C75A0830FD93}"
EndProject
Project("{FAE04EC0-301F-11D3-BF4B-00C04F79EFBC}") = "WPFRPGSimulador", "WPFRPGSimulador\WPFRPGSimulador.csproj", "{CC615DD8-83E5-4946-BFE3-029E996C985E}"
EndProject
Global
	GlobalSection(SolutionConfigurationPlatforms) = preSolution
		Debug|Any CPU = Debug|Any CPU
		Debug|ARM = Debug|ARM
		Debug|x64 = Debug|x64
		Debug|x86 = Debug|x86
		Release|Any CPU = Release|Any CPU
		Release|ARM = Release|ARM
		Release|x64 = Release|x64
		Release|x86 = Release|x86
	EndGlobalSection
	GlobalSection(ProjectConfigurationPlatforms) = postSolution
		{AAC54802-7CDD-4D20-B945-8C874FA7D298}.Debug|Any CPU.ActiveCfg = Debug|Any CPU
		{AAC54802-7CDD-4D20-B945-8C874FA7D298}.Debug|Any CPU.Build.0 = Debug|Any CPU
		{AAC54802-7CDD-4D20-B945-8C874FA7D298}.Debug|ARM.ActiveCfg = Debug|Any CPU
		{AAC54802-7CDD-4D20-B945-8C874FA7D298}.Debug|ARM.Build.0 = Debug|Any CPU
		{AAC54802-7CDD-4D20-B945-8C874FA7D298}.Debug|x64.ActiveCfg = Debug|Any CPU
		{AAC54802-7CDD-4D20-B945-8C874FA7D298}.Debug|x64.Build.0 = Debug|Any CPU
		{AAC54802-7CDD-4D20-B945-8C874FA7D298}.Debug|x86.ActiveCfg = Debug|Any CPU
		{AAC54802-7CDD-4D20-B945-8C874FA7D298}.Debug|x86.Build.0 = Debug|Any CPU
		{AAC54802-7CDD-4D20-B945-8C874FA7D298}.Release|Any CPU.ActiveCfg = Release|Any CPU
		{AAC54802-7CDD-4D20-B945-8C874FA7D298}.Release|Any CPU.Build.0 = Release|Any CPU
		{AAC54802-7CDD-4D20-B945-8C874FA7D298}.Release|ARM.ActiveCfg = Release|Any CPU
		{AAC54802-7CDD-4D20-B945-8C874FA7D298}.Release|ARM.Build.0 = Release|Any CPU
		{AAC54802-7CDD-4D20-B945-8C874FA7D298}.Release|x64.ActiveCfg = Release|Any CPU
		{AAC54802-7CDD-4D20-B945-8C874FA7D298}.Release|x64.Build.0 = Release|Any CPU
		{AAC54802-7CDD-4D20-B945-8C874FA7D298}.Release|x86.ActiveCfg = Release|Any CPU
		{AAC54802-7CDD-4D20-B945-8C874FA7D298}.Release|x86.Build.0 = Release|Any CPU
		{C183C249-3510-4FDB-A143-7C47E3BFAE28}.Debug|Any CPU.ActiveCfg = Debug|x86
		{C183C249-3510-4FDB-A143-7C47E3BFAE28}.Debug|ARM.ActiveCfg = Debug|ARM
		{C183C249-3510-4FDB-A143-7C47E3BFAE28}.Debug|ARM.Build.0 = Debug|ARM
		{C183C249-3510-4FDB-A143-7C47E3BFAE28}.Debug|ARM.Deploy.0 = Debug|ARM
		{C183C249-3510-4FDB-A143-7C47E3BFAE28}.Debug|x64.ActiveCfg = Debug|x64
		{C183C249-3510-4FDB-A143-7C47E3BFAE28}.Debug|x64.Build.0 = Debug|x64
		{C183C249-3510-4FDB-A143-7C47E3BFAE28}.Debug|x64.Deploy.0 = Debug|x64
		{C183C249-3510-4FDB-A143-7C47E3BFAE28}.Debug|x86.ActiveCfg = Debug|x86
		{C183C249-3510-4FDB-A143-7C47E3BFAE28}.Debug|x86.Build.0 = Debug|x86
		{C183C249-3510-4FDB-A143-7C47E3BFAE28}.Debug|x86.Deploy.0 = Debug|x86
		{C183C249-3510-4FDB-A143-7C47E3BFAE28}.Release|Any CPU.ActiveCfg = Release|x86
		{C183C249-3510-4FDB-A143-7C47E3BFAE28}.Release|ARM.ActiveCfg = Release|ARM
		{C183C249-3510-4FDB-A143-7C47E3BFAE28}.Release|ARM.Build.0 = Release|ARM
		{C183C249-3510-4FDB-A143-7C47E3BFAE28}.Release|ARM.Deploy.0 = Release|ARM
		{C183C249-3510-4FDB-A143-7C47E3BFAE28}.Release|x64.ActiveCfg = Release|x64
		{C183C249-3510-4FDB-A143-7C47E3BFAE28}.Release|x64.Build.0 = Release|x64
		{C183C249-3510-4FDB-A143-7C47E3BFAE28}.Release|x64.Deploy.0 = Release|x64
		{C183C249-3510-4FDB-A143-7C47E3BFAE28}.Release|x86.ActiveCfg = Release|x86
		{C183C249-3510-4FDB-A143-7C47E3BFAE28}.Release|x86.Build.0 = Release|x86
		{C183C249-3510-4FDB-A143-7C47E3BFAE28}.Release|x86.Deploy.0 = Release|x86
		{106CF710-0EDC-410C-92F6-D8237C82084E}.Debug|Any CPU.ActiveCfg = Debug|Any CPU
		{106CF710-0EDC-410C-92F6-D8237C82084E}.Debug|Any CPU.Build.0 = Debug|Any CPU
		{106CF710-0EDC-410C-92F6-D8237C82084E}.Debug|ARM.ActiveCfg = Debug|Any CPU
		{106CF710-0EDC-410C-92F6-D8237C82084E}.Debug|ARM.Build.0 = Debug|Any CPU
		{106CF710-0EDC-410C-92F6-D8237C82084E}.Debug|x64.ActiveCfg = Debug|Any CPU
		{106CF710-0EDC-410C-92F6-D8237C82084E}.Debug|x64.Build.0 = Debug|Any CPU
		{106CF710-0EDC-410C-92F6-D8237C82084E}.Debug|x86.ActiveCfg = Debug|Any CPU
		{106CF710-0EDC-410C-92F6-D8237C82084E}.Debug|x86.Build.0 = Debug|Any CPU
		{106CF710-0EDC-410C-92F6-D8237C82084E}.Release|Any CPU.ActiveCfg = Release|Any CPU
		{106CF710-0EDC-410C-92F6-D8237C82084E}.Release|Any CPU.Build.0 = Release|Any CPU
		{106CF710-0EDC-410C-92F6-D8237C82084E}.Release|ARM.ActiveCfg = Release|Any CPU
		{106CF710-0EDC-410C-92F6-D8237C82084E}.Release|ARM.Build.0 = Release|Any CPU
		{106CF710-0EDC-410C-92F6-D8237C82084E}.Release|x64.ActiveCfg = Release|Any CPU
		{106CF710-0EDC-410C-92F6-D8237C82084E}.Release|x64.Build.0 = Release|Any CPU
		{106CF710-0EDC-410C-92F6-D8237C82084E}.Release|x86.ActiveCfg = Release|Any CPU
		{106CF710-0EDC-410C-92F6-D8237C82084E}.Release|x86.Build.0 = Release|Any CPU
		{04F27419-BEEE-4FCD-8E49-C75A0830FD93}.Debug|Any CPU.ActiveCfg = Debug|Any CPU
		{04F27419-BEEE-4FCD-8E49-C75A0830FD93}.Debug|Any CPU.Build.0 = Debug|Any CPU
		{04F27419-BEEE-4FCD-8E49-C75A0830FD93}.Debug|ARM.ActiveCfg = Debug|Any CPU
		{04F27419-BEEE-4FCD-8E49-C75A0830FD93}.Debug|ARM.Build.0 = Debug|Any CPU
		{04F27419-BEEE-4FCD-8E49-C75A0830FD93}.Debug|x64.ActiveCfg = Debug|Any CPU
		{04F27419-BEEE-4FCD-8E49-C75A0830FD93}.Debug|x64.Build.0 = Debug|Any CPU
		{04F27419-BEEE-4FCD-8E49-C75A0830FD93}.Debug|x86.ActiveCfg = Debug|Any CPU
		{04F27419-BEEE-4FCD-8E49-C75A0830FD93}.Debug|x86.Build.0 = Debug|Any CPU
		{04F27419-BEEE-4FCD-8E49-C75A0830FD93}.Release|Any CPU.ActiveCfg = Release|Any CPU
		{04F27419-BEEE-4FCD-8E49-C75A0830FD93}.Release|Any CPU.Build.0 = Release|Any CPU
		{04F27419-BEEE-4FCD-8E49-C75A0830FD93}.Release|ARM.ActiveCfg = Release|Any CPU
		{04F27419-BEEE-4FCD-8E49-C75A0830FD93}.Release|ARM.Build.0 = Release|Any CPU
		{04F27419-BEEE-4FCD-8E49-C75A0830FD93}.Release|x64.ActiveCfg = Release|Any CPU
		{04F27419-BEEE-4FCD-8E49-C75A0830FD93}.Release|x64.Build.0 = Release|Any CPU
		{04F27419-BEEE-4FCD-8E49-C75A0830FD93}.Release|x86.ActiveCfg = Release|Any CPU
		{04F27419-BEEE-4FCD-8E49-C75A0830FD93}.Release|x86.Build.0 = Release|Any CPU
		{CC615DD8-83E5-4946-BFE3-029E996C985E}.Debug|Any CPU.ActiveCfg = Debug|Any CPU
		{CC615DD8-83E5-4946-BFE3-029E996C985E}.Debug|Any CPU.Build.0 = Debug|Any CPU
		{CC615DD8-83E5-4946-BFE3-029E996C985E}.Debug|ARM.ActiveCfg = Debug|Any CPU
		{CC615DD8-83E5-4946-BFE3-029E996C985E}.Debug|ARM.Build.0 = Debug|Any CPU
		{CC615DD8-83E5-4946-BFE3-029E996C985E}.Debug|x64.ActiveCfg = Debug|Any CPU
		{CC615DD8-83E5-4946-BFE3-029E996C985E}.Debug|x64.Build.0 = Debug|Any CPU
		{CC615DD8-83E5-4946-BFE3-029E996C985E}.Debug|x86.ActiveCfg = Debug|Any CPU
		{CC615DD8-83E5-4946-BFE3-029E996C985E}.Debug|x86.Build.0 = Debug|Any CPU
		{CC615DD8-83E5-4946-BFE3-029E996C985E}.Release|Any CPU.ActiveCfg = Release|Any CPU
		{CC615DD8-83E5-4946-BFE3-029E996C985E}.Release|Any CPU.Build.0 = Release|Any CPU
		{CC615DD8-83E5-4946-BFE3-029E996C985E}.Release|ARM.ActiveCfg = Release|Any CPU
		{CC615DD8-83E5-4946-BFE3-029E996C985E}.Release|ARM.Build.0 = Release|Any CPU
		{CC615DD8-83E5-4946-BFE3-029E996C985E}.Release|x64.ActiveCfg = Release|Any CPU
		{CC615DD8-83E5-4946-BFE3-029E996C985E}.Release|x64.Build.0 = Release|Any CPU
		{CC615DD8-83E5-4946-BFE3-029E996C985E}.Release|x86.ActiveCfg = Release|Any CPU
		{CC615DD8-83E5-4946-BFE3-029E996C985E}.Release|x86.Build.0 = Release|Any CPU
	EndGlobalSection
	GlobalSection(SolutionProperties) = preSolution
		HideSolutionNode = FALSE
	EndGlobalSection
	GlobalSection(ExtensibilityGlobals) = postSolution
		SolutionGuid = {1E1534FE-0FCD-4078-AA8F-C13FF0A1E126}
	EndGlobalSection
EndGlobal
